
Microsoft Visual Studio Solution File, Format Version 12.00
# Visual Studio Version 16
VisualStudioVersion = 16.0.29613.14
MinimumVisualStudioVersion = 10.0.40219.1
Project("{FAE04EC0-301F-11D3-BF4B-00C04F79EFBC}") = "TheAlgorithms", "TheAlgorithms\TheAlgorithms.csproj", "{A1837C38-2965-4C90-8AFC-BC25A0FA1059}"
EndProject
Global
	GlobalSection(SolutionConfigurationPlatforms) = preSolution
		Debug|Any CPU = Debug|Any CPU
		Release|Any CPU = Release|Any CPU
	EndGlobalSection
	GlobalSection(ProjectConfigurationPlatforms) = postSolution
		{A1837C38-2965-4C90-8AFC-BC25A0FA1059}.Debug|Any CPU.ActiveCfg = Debug|Any CPU
		{A1837C38-2965-4C90-8AFC-BC25A0FA1059}.Debug|Any CPU.Build.0 = Debug|Any CPU
		{A1837C38-2965-4C90-8AFC-BC25A0FA1059}.Release|Any CPU.ActiveCfg = Release|Any CPU
		{A1837C38-2965-4C90-8AFC-BC25A0FA1059}.Release|Any CPU.Build.0 = Release|Any CPU
	EndGlobalSection
	GlobalSection(SolutionProperties) = preSolution
		HideSolutionNode = FALSE
	EndGlobalSection
	GlobalSection(ExtensibilityGlobals) = postSolution
		SolutionGuid = {8784875A-0B98-4082-AB4F-41C15A5211A0}
	EndGlobalSection
EndGlobal
